{
  "name": "my-project",
  "version": "1.0.0",
  "description": "A sample project using TypeScript and various dependencies.",
  "main": "src/index.ts",
  "scripts": {
    "build": "tsc",
    "start": "ts-node src/index.ts"
  },
  "dependencies": {
    "@types/react": "^18.0.0",
    "@types/react-dom": "^18.0.0",
    "immer": "^9.0.6",
    "react": "^18.0.0",
    "use-sync-external-store": "^1.2.0"
  },
  "devDependencies": {
    "typescript": "^4.9.4 || ^5.0.2",
    "@types/node": "^14.17.3",
    "eslint": "^7.6.0",
    "prettier": "^2.8.7",
    "nodemon": "^2.0.18"
  },
  "peerDependenciesMeta": {
    "@types/react": {
      "optional": true
    },
    "immer": {
      "optional": true
    },
    "react": {
      "optional": true
    },
    "use-sync-external-store": {
      "optional": true
    }
  },
  "author": {
    "name": "Your Name",
    "email": "your.email@example.com"
  },
  "license": "MIT",
  "keywords": [
    "typescript",
    "react",
    "zustand",
    "immer",
    "use-sync-external-store",
    "eslint",
    "prettier",
    "nodemon"
  ],
  "bugs": {
    "url": "https://github.com/yourusername/my-project/issues"
  },
  "homepage": "https://github.com/yourusername/my-project"
}
